[{<<"ej">>,
  {git,"git://github.com/seth/ej.git",
       {ref,"132a9a3c0662a2377eaf7ebee694a496a0957160"}},
  0},
 {<<"goldrush">>,
  {git,"git://github.com/DeadZen/goldrush.git",
       {ref,"71e63212f12c25827e0c1b4198d37d5d018a7fec"}},
  1},
 {<<"jsonx">>,
  {git,"git://github.com/jr0senblum/jsonx.git",
       {ref,"3b254b7267646bcdd8e8d306740e52c6be41f6a3"}},
  0},
 {<<"lager">>,
  {git,"git://github.com/basho/lager.git",
       {ref,"840acab51ebfb731de0137d9c6d41e7db4a12793"}},
  0},
 {<<"ranch">>,{pkg,<<"ranch">>,<<"1.1.0">>},0}].
